
Microsoft Visual Studio Solution File, Format Version 12.00
# Visual Studio Version 17
VisualStudioVersion = 17.5.33627.172
MinimumVisualStudioVersion = 10.0.40219.1
Project("{2150E333-8FDC-42A3-9474-1A3956D46DE8}") = "THR.AUTH", "THR.AUTH", "{F49584D0-A2DD-4477-B19C-601230C88632}"
EndProject
Project("{2150E333-8FDC-42A3-9474-1A3956D46DE8}") = "THR.OBRA.NOTAS", "THR.OBRA.NOTAS", "{52008505-5C6C-4ABE-9899-1D5D918D702B}"
EndProject
Project("{2150E333-8FDC-42A3-9474-1A3956D46DE8}") = "THR.OBRA.CONHECIMENTO", "THR.OBRA.CONHECIMENTO", "{1D72FE08-7F58-4DE7-B86C-B633472C7DA6}"
EndProject
Project("{9A19103F-16F7-4668-BE54-9A1E7A4F7556}") = "THR.AUTH", "THR.AUTH\THR.AUTH.csproj", "{1EC2D6C5-4B07-4366-80E0-FC5A5E13B098}"
EndProject
Project("{9A19103F-16F7-4668-BE54-9A1E7A4F7556}") = "THR.OBRA.NOTAS", "THR.OBRA.NOTAS\THR.OBRA.NOTAS.csproj", "{A7304D97-C9EA-4FFA-B210-55E7EBE2F205}"
EndProject
Project("{2150E333-8FDC-42A3-9474-1A3956D46DE8}") = "API.GATEWAY", "API.GATEWAY", "{FDD162D0-E840-4A05-8FF8-BCEC3B971FF0}"
EndProject
Project("{9A19103F-16F7-4668-BE54-9A1E7A4F7556}") = "THR.API.GATEWAY", "THR.API.GATEWAY\THR.API.GATEWAY.csproj", "{D1170294-3EB4-4C95-8EC2-48F811F854FD}"
EndProject
Project("{FAE04EC0-301F-11D3-BF4B-00C04F79EFBC}") = "THR.OBRA.CONHECIMENTO", "THR.OBRA.CONHECIMENTO\THR.OBRA.CONHECIMENTO.csproj", "{757063E0-736D-40E4-AC38-585EF2259A63}"
EndProject
Global
	GlobalSection(SolutionConfigurationPlatforms) = preSolution
		Debug|Any CPU = Debug|Any CPU
		Release|Any CPU = Release|Any CPU
	EndGlobalSection
	GlobalSection(ProjectConfigurationPlatforms) = postSolution
		{1EC2D6C5-4B07-4366-80E0-FC5A5E13B098}.Debug|Any CPU.ActiveCfg = Debug|Any CPU
		{1EC2D6C5-4B07-4366-80E0-FC5A5E13B098}.Debug|Any CPU.Build.0 = Debug|Any CPU
		{1EC2D6C5-4B07-4366-80E0-FC5A5E13B098}.Release|Any CPU.ActiveCfg = Release|Any CPU
		{1EC2D6C5-4B07-4366-80E0-FC5A5E13B098}.Release|Any CPU.Build.0 = Release|Any CPU
		{A7304D97-C9EA-4FFA-B210-55E7EBE2F205}.Debug|Any CPU.ActiveCfg = Debug|Any CPU
		{A7304D97-C9EA-4FFA-B210-55E7EBE2F205}.Debug|Any CPU.Build.0 = Debug|Any CPU
		{A7304D97-C9EA-4FFA-B210-55E7EBE2F205}.Release|Any CPU.ActiveCfg = Release|Any CPU
		{A7304D97-C9EA-4FFA-B210-55E7EBE2F205}.Release|Any CPU.Build.0 = Release|Any CPU
		{D1170294-3EB4-4C95-8EC2-48F811F854FD}.Debug|Any CPU.ActiveCfg = Debug|Any CPU
		{D1170294-3EB4-4C95-8EC2-48F811F854FD}.Debug|Any CPU.Build.0 = Debug|Any CPU
		{D1170294-3EB4-4C95-8EC2-48F811F854FD}.Release|Any CPU.ActiveCfg = Release|Any CPU
		{D1170294-3EB4-4C95-8EC2-48F811F854FD}.Release|Any CPU.Build.0 = Release|Any CPU
		{757063E0-736D-40E4-AC38-585EF2259A63}.Debug|Any CPU.ActiveCfg = Debug|Any CPU
		{757063E0-736D-40E4-AC38-585EF2259A63}.Debug|Any CPU.Build.0 = Debug|Any CPU
		{757063E0-736D-40E4-AC38-585EF2259A63}.Release|Any CPU.ActiveCfg = Release|Any CPU
		{757063E0-736D-40E4-AC38-585EF2259A63}.Release|Any CPU.Build.0 = Release|Any CPU
	EndGlobalSection
	GlobalSection(SolutionProperties) = preSolution
		HideSolutionNode = FALSE
	EndGlobalSection
	GlobalSection(NestedProjects) = preSolution
		{1EC2D6C5-4B07-4366-80E0-FC5A5E13B098} = {F49584D0-A2DD-4477-B19C-601230C88632}
		{A7304D97-C9EA-4FFA-B210-55E7EBE2F205} = {52008505-5C6C-4ABE-9899-1D5D918D702B}
		{D1170294-3EB4-4C95-8EC2-48F811F854FD} = {FDD162D0-E840-4A05-8FF8-BCEC3B971FF0}
		{757063E0-736D-40E4-AC38-585EF2259A63} = {1D72FE08-7F58-4DE7-B86C-B633472C7DA6}
	EndGlobalSection
	GlobalSection(ExtensibilityGlobals) = postSolution
		SolutionGuid = {B0934733-A37B-43EC-BD21-7B44A5FADA99}
	EndGlobalSection
EndGlobal
